{
  "name": "@guochenwang/lggc",
  "version": "1.0.0",
  "lockfileVersion": 3,
  "requires": true,
  "packages": {
    "": {
      "name": "@guochenwang/lggc",
      "version": "1.0.0",
      "license": "MIT",
      "dependencies": {
        "@guochenwang/lggc": "^1.0.0"
      }
    },
    "node_modules/@guochenwang/lggc": {
      "version": "1.0.0",
      "resolved": "https://registry.npmjs.org/@guochenwang/lggc/-/lggc-1.0.0.tgz",
      "integrity": "sha512-DSHB+/uTgqyPsFUfKiKxoF3CR5xoXAlUTI7ZIZpqKgwcWoLzZsjtabCb0gAr6SGeZvsi4gAkoeFqZfDZZHs3ow==",
      "license": "MIT"
    }
  }
}
